// !$*UTF8*$!
{
	archiveVersion = 1;
	classes = {
	};
	objectVersion = 46;
	objects = {

/* Begin PBXBuildFile section */
		FCA0FF1D1756922F0076D71B /* UIKit.framework in Frameworks */ = {isa = PBXBuildFile; fileRef = FCA0FF1C1756922F0076D71B /* UIKit.framework */; };
		FCA0FF1F1756922F0076D71B /* Foundation.framework in Frameworks */ = {isa = PBXBuildFile; fileRef = FCA0FF1E1756922F0076D71B /* Foundation.framework */; };
		FCA0FF211756922F0076D71B /* CoreGraphics.framework in Frameworks */ = {isa = PBXBuildFile; fileRef = FCA0FF201756922F0076D71B /* CoreGraphics.framework */; };
		FCA0FF271756922F0076D71B /* InfoPlist.strings in Resources */ = {isa = PBXBuildFile; fileRef = FCA0FF251756922F0076D71B /* InfoPlist.strings */; };
		FCA0FF291756922F0076D71B /* main.m in Sources */ = {isa = PBXBuildFile; fileRef = FCA0FF281756922F0076D71B /* main.m */; };
		FCA0FF2D1756922F0076D71B /* AppDelegate.m in Sources */ = {isa = PBXBuildFile; fileRef = FCA0FF2C1756922F0076D71B /* AppDelegate.m */; };
		FCA0FF2F1756922F0076D71B /* Default.png in Resources */ = {isa = PBXBuildFile; fileRef = FCA0FF2E1756922F0076D71B /* Default.png */; };
		FCA0FF311756922F0076D71B /* Default@2x.png in Resources */ = {isa = PBXBuildFile; fileRef = FCA0FF301756922F0076D71B /* Default@2x.png */; };
		FCA0FF331756922F0076D71B /* Default-568h@2x.png in Resources */ = {isa = PBXBuildFile; fileRef = FCA0FF321756922F0076D71B /* Default-568h@2x.png */; };
		FCA0FF3B1756922F0076D71B /* SenTestingKit.framework in Frameworks */ = {isa = PBXBuildFile; fileRef = FCA0FF3A1756922F0076D71B /* SenTestingKit.framework */; };
		FCA0FF3C1756922F0076D71B /* UIKit.framework in Frameworks */ = {isa = PBXBuildFile; fileRef = FCA0FF1C1756922F0076D71B /* UIKit.framework */; };
		FCA0FF3D1756922F0076D71B /* Foundation.framework in Frameworks */ = {isa = PBXBuildFile; fileRef = FCA0FF1E1756922F0076D71B /* Foundation.framework */; };
		FCA0FF451756922F0076D71B /* InfoPlist.strings in Resources */ = {isa = PBXBuildFile; fileRef = FCA0FF431756922F0076D71B /* InfoPlist.strings */; };
		FCA0FF481756922F0076D71B /* Local_NotificationsTests.m in Sources */ = {isa = PBXBuildFile; fileRef = FCA0FF471756922F0076D71B /* Local_NotificationsTests.m */; };
		FCA0FF53175692750076D71B /* NSLocalNotificationsScheduler.m in Sources */ = {isa = PBXBuildFile; fileRef = FCA0FF52175692750076D71B /* NSLocalNotificationsScheduler.m */; };
/* End PBXBuildFile section */

/* Begin PBXContainerItemProxy section */
		FCA0FF3E1756922F0076D71B /* PBXContainerItemProxy */ = {
			isa = PBXContainerItemProxy;
			containerPortal = FCA0FF111756922F0076D71B /* Project object */;
			proxyType = 1;
			remoteGlobalIDString = FCA0FF181756922F0076D71B;
			remoteInfo = "Local Notifications";
		};
/* End PBXContainerItemProxy section */

/* Begin PBXFileReference section */
		FCA0FF191756922F0076D71B /* Local Notifications.app */ = {isa = PBXFileReference; explicitFileType = wrapper.application; includeInIndex = 0; path = "Local Notifications.app"; sourceTree = BUILT_PRODUCTS_DIR; };
		FCA0FF1C1756922F0076D71B /* UIKit.framework */ = {isa = PBXFileReference; lastKnownFileType = wrapper.framework; name = UIKit.framework; path = System/Library/Frameworks/UIKit.framework; sourceTree = SDKROOT; };
		FCA0FF1E1756922F0076D71B /* Foundation.framework */ = {isa = PBXFileReference; lastKnownFileType = wrapper.framework; name = Foundation.framework; path = System/Library/Frameworks/Foundation.framework; sourceTree = SDKROOT; };
		FCA0FF201756922F0076D71B /* CoreGraphics.framework */ = {isa = PBXFileReference; lastKnownFileType = wrapper.framework; name = CoreGraphics.framework; path = System/Library/Frameworks/CoreGraphics.framework; sourceTree = SDKROOT; };
		FCA0FF241756922F0076D71B /* Local Notifications-Info.plist */ = {isa = PBXFileReference; lastKnownFileType = text.plist.xml; path = "Local Notifications-Info.plist"; sourceTree = "<group>"; };
		FCA0FF261756922F0076D71B /* en */ = {isa = PBXFileReference; lastKnownFileType = text.plist.strings; name = en; path = en.lproj/InfoPlist.strings; sourceTree = "<group>"; };
		FCA0FF281756922F0076D71B /* main.m */ = {isa = PBXFileReference; lastKnownFileType = sourcecode.c.objc; path = main.m; sourceTree = "<group>"; };
		FCA0FF2A1756922F0076D71B /* Local Notifications-Prefix.pch */ = {isa = PBXFileReference; lastKnownFileType = sourcecode.c.h; path = "Local Notifications-Prefix.pch"; sourceTree = "<group>"; };
		FCA0FF2B1756922F0076D71B /* AppDelegate.h */ = {isa = PBXFileReference; lastKnownFileType = sourcecode.c.h; path = AppDelegate.h; sourceTree = "<group>"; };
		FCA0FF2C1756922F0076D71B /* AppDelegate.m */ = {isa = PBXFileReference; lastKnownFileType = sourcecode.c.objc; path = AppDelegate.m; sourceTree = "<group>"; };
		FCA0FF2E1756922F0076D71B /* Default.png */ = {isa = PBXFileReference; lastKnownFileType = image.png; path = Default.png; sourceTree = "<group>"; };
		FCA0FF301756922F0076D71B /* Default@2x.png */ = {isa = PBXFileReference; lastKnownFileType = image.png; path = "Default@2x.png"; sourceTree = "<group>"; };
		FCA0FF321756922F0076D71B /* Default-568h@2x.png */ = {isa = PBXFileReference; lastKnownFileType = image.png; path = "Default-568h@2x.png"; sourceTree = "<group>"; };
		FCA0FF391756922F0076D71B /* Local NotificationsTests.octest */ = {isa = PBXFileReference; explicitFileType = wrapper.cfbundle; includeInIndex = 0; path = "Local NotificationsTests.octest"; sourceTree = BUILT_PRODUCTS_DIR; };
		FCA0FF3A1756922F0076D71B /* SenTestingKit.framework */ = {isa = PBXFileReference; lastKnownFileType = wrapper.framework; name = SenTestingKit.framework; path = Library/Frameworks/SenTestingKit.framework; sourceTree = DEVELOPER_DIR; };
		FCA0FF421756922F0076D71B /* Local NotificationsTests-Info.plist */ = {isa = PBXFileReference; lastKnownFileType = text.plist.xml; path = "Local NotificationsTests-Info.plist"; sourceTree = "<group>"; };
		FCA0FF441756922F0076D71B /* en */ = {isa = PBXFileReference; lastKnownFileType = text.plist.strings; name = en; path = en.lproj/InfoPlist.strings; sourceTree = "<group>"; };
		FCA0FF461756922F0076D71B /* Local_NotificationsTests.h */ = {isa = PBXFileReference; lastKnownFileType = sourcecode.c.h; path = Local_NotificationsTests.h; sourceTree = "<group>"; };
		FCA0FF471756922F0076D71B /* Local_NotificationsTests.m */ = {isa = PBXFileReference; lastKnownFileType = sourcecode.c.objc; path = Local_NotificationsTests.m; sourceTree = "<group>"; };
		FCA0FF51175692750076D71B /* NSLocalNotificationsScheduler.h */ = {isa = PBXFileReference; fileEncoding = 4; lastKnownFileType = sourcecode.c.h; path = NSLocalNotificationsScheduler.h; sourceTree = "<group>"; };
		FCA0FF52175692750076D71B /* NSLocalNotificationsScheduler.m */ = {isa = PBXFileReference; fileEncoding = 4; lastKnownFileType = sourcecode.c.objc; path = NSLocalNotificationsScheduler.m; sourceTree = "<group>"; };
/* End PBXFileReference section */

/* Begin PBXFrameworksBuildPhase section */
		FCA0FF161756922F0076D71B /* Frameworks */ = {
			isa = PBXFrameworksBuildPhase;
			buildActionMask = 2147483647;
			files = (
				FCA0FF1D1756922F0076D71B /* UIKit.framework in Frameworks */,
				FCA0FF1F1756922F0076D71B /* Foundation.framework in Frameworks */,
				FCA0FF211756922F0076D71B /* CoreGraphics.framework in Frameworks */,
			);
			runOnlyForDeploymentPostprocessing = 0;
		};
		FCA0FF351756922F0076D71B /* Frameworks */ = {
			isa = PBXFrameworksBuildPhase;
			buildActionMask = 2147483647;
			files = (
				FCA0FF3B1756922F0076D71B /* SenTestingKit.framework in Frameworks */,
				FCA0FF3C1756922F0076D71B /* UIKit.framework in Frameworks */,
				FCA0FF3D1756922F0076D71B /* Foundation.framework in Frameworks */,
			);
			runOnlyForDeploymentPostprocessing = 0;
		};
/* End PBXFrameworksBuildPhase section */

/* Begin PBXGroup section */
		FCA0FF101756922F0076D71B = {
			isa = PBXGroup;
			children = (
				FCA0FF221756922F0076D71B /* Local Notifications */,
				FCA0FF401756922F0076D71B /* Local NotificationsTests */,
				FCA0FF1B1756922F0076D71B /* Frameworks */,
				FCA0FF1A1756922F0076D71B /* Products */,
			);
			sourceTree = "<group>";
		};
		FCA0FF1A1756922F0076D71B /* Products */ = {
			isa = PBXGroup;
			children = (
				FCA0FF191756922F0076D71B /* Local Notifications.app */,
				FCA0FF391756922F0076D71B /* Local NotificationsTests.octest */,
			);
			name = Products;
			sourceTree = "<group>";
		};
		FCA0FF1B1756922F0076D71B /* Frameworks */ = {
			isa = PBXGroup;
			children = (
				FCA0FF1C1756922F0076D71B /* UIKit.framework */,
				FCA0FF1E1756922F0076D71B /* Foundation.framework */,
				FCA0FF201756922F0076D71B /* CoreGraphics.framework */,
				FCA0FF3A1756922F0076D71B /* SenTestingKit.framework */,
			);
			name = Frameworks;
			sourceTree = "<group>";
		};
		FCA0FF221756922F0076D71B /* Local Notifications */ = {
			isa = PBXGroup;
			children = (
				FCA0FF51175692750076D71B /* NSLocalNotificationsScheduler.h */,
				FCA0FF52175692750076D71B /* NSLocalNotificationsScheduler.m */,
				FCA0FF231756922F0076D71B /* Supporting Files */,
			);
			path = "Local Notifications";
			sourceTree = "<group>";
		};
		FCA0FF231756922F0076D71B /* Supporting Files */ = {
			isa = PBXGroup;
			children = (
				FCA0FF2B1756922F0076D71B /* AppDelegate.h */,
				FCA0FF2C1756922F0076D71B /* AppDelegate.m */,
				FCA0FF2E1756922F0076D71B /* Default.png */,
				FCA0FF301756922F0076D71B /* Default@2x.png */,
				FCA0FF321756922F0076D71B /* Default-568h@2x.png */,
				FCA0FF251756922F0076D71B /* InfoPlist.strings */,
				FCA0FF241756922F0076D71B /* Local Notifications-Info.plist */,
				FCA0FF2A1756922F0076D71B /* Local Notifications-Prefix.pch */,
				FCA0FF281756922F0076D71B /* main.m */,
			);
			name = "Supporting Files";
			sourceTree = "<group>";
		};
		FCA0FF401756922F0076D71B /* Local NotificationsTests */ = {
			isa = PBXGroup;
			children = (
				FCA0FF461756922F0076D71B /* Local_NotificationsTests.h */,
				FCA0FF471756922F0076D71B /* Local_NotificationsTests.m */,
				FCA0FF411756922F0076D71B /* Supporting Files */,
			);
			path = "Local NotificationsTests";
			sourceTree = "<group>";
		};
		FCA0FF411756922F0076D71B /* Supporting Files */ = {
			isa = PBXGroup;
			children = (
				FCA0FF421756922F0076D71B /* Local NotificationsTests-Info.plist */,
				FCA0FF431756922F0076D71B /* InfoPlist.strings */,
			);
			name = "Supporting Files";
			sourceTree = "<group>";
		};
/* End PBXGroup section */

/* Begin PBXNativeTarget section */
		FCA0FF181756922F0076D71B /* Local Notifications */ = {
			isa = PBXNativeTarget;
			buildConfigurationList = FCA0FF4B1756922F0076D71B /* Build configuration list for PBXNativeTarget "Local Notifications" */;
			buildPhases = (
				FCA0FF151756922F0076D71B /* Sources */,
				FCA0FF161756922F0076D71B /* Frameworks */,
				FCA0FF171756922F0076D71B /* Resources */,
			);
			buildRules = (
			);
			dependencies = (
			);
			name = "Local Notifications";
			productName = "Local Notifications";
			productReference = FCA0FF191756922F0076D71B /* Local Notifications.app */;
			productType = "com.apple.product-type.application";
		};
		FCA0FF381756922F0076D71B /* Local NotificationsTests */ = {
			isa = PBXNativeTarget;
			buildConfigurationList = FCA0FF4E1756922F0076D71B /* Build configuration list for PBXNativeTarget "Local NotificationsTests" */;
			buildPhases = (
				FCA0FF341756922F0076D71B /* Sources */,
				FCA0FF351756922F0076D71B /* Frameworks */,
				FCA0FF361756922F0076D71B /* Resources */,
				FCA0FF371756922F0076D71B /* ShellScript */,
			);
			buildRules = (
			);
			dependencies = (
				FCA0FF3F1756922F0076D71B /* PBXTargetDependency */,
			);
			name = "Local NotificationsTests";
			productName = "Local NotificationsTests";
			productReference = FCA0FF391756922F0076D71B /* Local NotificationsTests.octest */;
			productType = "com.apple.product-type.bundle";
		};
/* End PBXNativeTarget section */

/* Begin PBXProject section */
		FCA0FF111756922F0076D71B /* Project object */ = {
			isa = PBXProject;
			attributes = {
				LastUpgradeCheck = 0460;
				ORGANIZATIONNAME = "Rahul Nadella";
			};
			buildConfigurationList = FCA0FF141756922F0076D71B /* Build configuration list for PBXProject "Local Notifications" */;
			compatibilityVersion = "Xcode 3.2";
			developmentRegion = English;
			hasScannedForEncodings = 0;
			knownRegions = (
				en,
			);
			mainGroup = FCA0FF101756922F0076D71B;
			productRefGroup = FCA0FF1A1756922F0076D71B /* Products */;
			projectDirPath = "";
			projectRoot = "";
			targets = (
				FCA0FF181756922F0076D71B /* Local Notifications */,
				FCA0FF381756922F0076D71B /* Local NotificationsTests */,
			);
		};
/* End PBXProject section */

/* Begin PBXResourcesBuildPhase section */
		FCA0FF171756922F0076D71B /* Resources */ = {
			isa = PBXResourcesBuildPhase;
			buildActionMask = 2147483647;
			files = (
				FCA0FF271756922F0076D71B /* InfoPlist.strings in Resources */,
				FCA0FF2F1756922F0076D71B /* Default.png in Resources */,
				FCA0FF311756922F0076D71B /* Default@2x.png in Resources */,
				FCA0FF331756922F0076D71B /* Default-568h@2x.png in Resources */,
			);
			runOnlyForDeploymentPostprocessing = 0;
		};
		FCA0FF361756922F0076D71B /* Resources */ = {
			isa = PBXResourcesBuildPhase;
			buildActionMask = 2147483647;
			files = (
				FCA0FF451756922F0076D71B /* InfoPlist.strings in Resources */,
			);
			runOnlyForDeploymentPostprocessing = 0;
		};
/* End PBXResourcesBuildPhase section */

/* Begin PBXShellScriptBuildPhase section */
		FCA0FF371756922F0076D71B /* ShellScript */ = {
			isa = PBXShellScriptBuildPhase;
			buildActionMask = 2147483647;
			files = (
			);
			inputPaths = (
			);
			outputPaths = (
			);
			runOnlyForDeploymentPostprocessing = 0;
			shellPath = /bin/sh;
			shellScript = "# Run the unit tests in this test bundle.\n\"${SYSTEM_DEVELOPER_DIR}/Tools/RunUnitTests\"\n";
		};
/* End PBXShellScriptBuildPhase section */

/* Begin PBXSourcesBuildPhase section */
		FCA0FF151756922F0076D71B /* Sources */ = {
			isa = PBXSourcesBuildPhase;
			buildActionMask = 2147483647;
			files = (
				FCA0FF291756922F0076D71B /* main.m in Sources */,
				FCA0FF2D1756922F0076D71B /* AppDelegate.m in Sources */,
				FCA0FF53175692750076D71B /* NSLocalNotificationsScheduler.m in Sources */,
			);
			runOnlyForDeploymentPostprocessing = 0;
		};
		FCA0FF341756922F0076D71B /* Sources */ = {
			isa = PBXSourcesBuildPhase;
			buildActionMask = 2147483647;
			files = (
				FCA0FF481756922F0076D71B /* Local_NotificationsTests.m in Sources */,
			);
			runOnlyForDeploymentPostprocessing = 0;
		};
/* End PBXSourcesBuildPhase section */

/* Begin PBXTargetDependency section */
		FCA0FF3F1756922F0076D71B /* PBXTargetDependency */ = {
			isa = PBXTargetDependency;
			target = FCA0FF181756922F0076D71B /* Local Notifications */;
			targetProxy = FCA0FF3E1756922F0076D71B /* PBXContainerItemProxy */;
		};
/* End PBXTargetDependency section */

/* Begin PBXVariantGroup section */
		FCA0FF251756922F0076D71B /* InfoPlist.strings */ = {
			isa = PBXVariantGroup;
			children = (
				FCA0FF261756922F0076D71B /* en */,
			);
			name = InfoPlist.strings;
			sourceTree = "<group>";
		};
		FCA0FF431756922F0076D71B /* InfoPlist.strings */ = {
			isa = PBXVariantGroup;
			children = (
				FCA0FF441756922F0076D71B /* en */,
			);
			name = InfoPlist.strings;
			sourceTree = "<group>";
		};
/* End PBXVariantGroup section */

/* Begin XCBuildConfiguration section */
		FCA0FF491756922F0076D71B /* Debug */ = {
			isa = XCBuildConfiguration;
			buildSettings = {
				ALWAYS_SEARCH_USER_PATHS = NO;
				CLANG_CXX_LANGUAGE_STANDARD = "gnu++0x";
				CLANG_CXX_LIBRARY = "libc++";
				CLANG_ENABLE_OBJC_ARC = YES;
				CLANG_WARN_CONSTANT_CONVERSION = YES;
				CLANG_WARN_EMPTY_BODY = YES;
				CLANG_WARN_ENUM_CONVERSION = YES;
				CLANG_WARN_INT_CONVERSION = YES;
				CLANG_WARN__DUPLICATE_METHOD_MATCH = YES;
				"CODE_SIGN_IDENTITY[sdk=iphoneos*]" = "iPhone Developer";
				COPY_PHASE_STRIP = NO;
				GCC_C_LANGUAGE_STANDARD = gnu99;
				GCC_DYNAMIC_NO_PIC = NO;
				GCC_OPTIMIZATION_LEVEL = 0;
				GCC_PREPROCESSOR_DEFINITIONS = (
					"DEBUG=1",
					"$(inherited)",
				);
				GCC_SYMBOLS_PRIVATE_EXTERN = NO;
				GCC_WARN_ABOUT_RETURN_TYPE = YES;
				GCC_WARN_UNINITIALIZED_AUTOS = YES;
				GCC_WARN_UNUSED_VARIABLE = YES;
				IPHONEOS_DEPLOYMENT_TARGET = 6.1;
				ONLY_ACTIVE_ARCH = YES;
				SDKROOT = iphoneos;
				TARGETED_DEVICE_FAMILY = "1,2";
			};
			name = Debug;
		};
		FCA0FF4A1756922F0076D71B /* Release */ = {
			isa = XCBuildConfiguration;
			buildSettings = {
				ALWAYS_SEARCH_USER_PATHS = NO;
				CLANG_CXX_LANGUAGE_STANDARD = "gnu++0x";
				CLANG_CXX_LIBRARY = "libc++";
				CLANG_ENABLE_OBJC_ARC = YES;
				CLANG_WARN_CONSTANT_CONVERSION = YES;
				CLANG_WARN_EMPTY_BODY = YES;
				CLANG_WARN_ENUM_CONVERSION = YES;
				CLANG_WARN_INT_CONVERSION = YES;
				CLANG_WARN__DUPLICATE_METHOD_MATCH = YES;
				"CODE_SIGN_IDENTITY[sdk=iphoneos*]" = "iPhone Developer";
				COPY_PHASE_STRIP = YES;
				GCC_C_LANGUAGE_STANDARD = gnu99;
				GCC_WARN_ABOUT_RETURN_TYPE = YES;
				GCC_WARN_UNINITIALIZED_AUTOS = YES;
				GCC_WARN_UNUSED_VARIABLE = YES;
				IPHONEOS_DEPLOYMENT_TARGET = 6.1;
				OTHER_CFLAGS = "-DNS_BLOCK_ASSERTIONS=1";
				SDKROOT = iphoneos;
				TARGETED_DEVICE_FAMILY = "1,2";
				VALIDATE_PRODUCT = YES;
			};
			name = Release;
		};
		FCA0FF4C1756922F0076D71B /* Debug */ = {
			isa = XCBuildConfiguration;
			buildSettings = {
				GCC_PRECOMPILE_PREFIX_HEADER = YES;
				GCC_PREFIX_HEADER = "Local Notifications/Local Notifications-Prefix.pch";
				INFOPLIST_FILE = "Local Notifications/Local Notifications-Info.plist";
				PRODUCT_NAME = "$(TARGET_NAME)";
				WRAPPER_EXTENSION = app;
			};
			name = Debug;
		};
		FCA0FF4D1756922F0076D71B /* Release */ = {
			isa = XCBuildConfiguration;
			buildSettings = {
				GCC_PRECOMPILE_PREFIX_HEADER = YES;
				GCC_PREFIX_HEADER = "Local Notifications/Local Notifications-Prefix.pch";
				INFOPLIST_FILE = "Local Notifications/Local Notifications-Info.plist";
				PRODUCT_NAME = "$(TARGET_NAME)";
				WRAPPER_EXTENSION = app;
			};
			name = Release;
		};
		FCA0FF4F1756922F0076D71B /* Debug */ = {
			isa = XCBuildConfiguration;
			buildSettings = {
				BUNDLE_LOADER = "$(BUILT_PRODUCTS_DIR)/Local Notifications.app/Local Notifications";
				FRAMEWORK_SEARCH_PATHS = (
					"\"$(SDKROOT)/Developer/Library/Frameworks\"",
					"\"$(DEVELOPER_LIBRARY_DIR)/Frameworks\"",
				);
				GCC_PRECOMPILE_PREFIX_HEADER = YES;
				GCC_PREFIX_HEADER = "Local Notifications/Local Notifications-Prefix.pch";
				INFOPLIST_FILE = "Local NotificationsTests/Local NotificationsTests-Info.plist";
				PRODUCT_NAME = "$(TARGET_NAME)";
				TEST_HOST = "$(BUNDLE_LOADER)";
				WRAPPER_EXTENSION = octest;
			};
			name = Debug;
		};
		FCA0FF501756922F0076D71B /* Release */ = {
			isa = XCBuildConfiguration;
			buildSettings = {
				BUNDLE_LOADER = "$(BUILT_PRODUCTS_DIR)/Local Notifications.app/Local Notifications";
				FRAMEWORK_SEARCH_PATHS = (
					"\"$(SDKROOT)/Developer/Library/Frameworks\"",
					"\"$(DEVELOPER_LIBRARY_DIR)/Frameworks\"",
				);
				GCC_PRECOMPILE_PREFIX_HEADER = YES;
				GCC_PREFIX_HEADER = "Local Notifications/Local Notifications-Prefix.pch";
				INFOPLIST_FILE = "Local NotificationsTests/Local NotificationsTests-Info.plist";
				PRODUCT_NAME = "$(TARGET_NAME)";
				TEST_HOST = "$(BUNDLE_LOADER)";
				WRAPPER_EXTENSION = octest;
			};
			name = Release;
		};
/* End XCBuildConfiguration section */

/* Begin XCConfigurationList section */
		FCA0FF141756922F0076D71B /* Build configuration list for PBXProject "Local Notifications" */ = {
			isa = XCConfigurationList;
			buildConfigurations = (
				FCA0FF491756922F0076D71B /* Debug */,
				FCA0FF4A1756922F0076D71B /* Release */,
			);
			defaultConfigurationIsVisible = 0;
			defaultConfigurationName = Release;
		};
		FCA0FF4B1756922F0076D71B /* Build configuration list for PBXNativeTarget "Local Notifications" */ = {
			isa = XCConfigurationList;
			buildConfigurations = (
				FCA0FF4C1756922F0076D71B /* Debug */,
				FCA0FF4D1756922F0076D71B /* Release */,
			);
			defaultConfigurationIsVisible = 0;
		};
		FCA0FF4E1756922F0076D71B /* Build configuration list for PBXNativeTarget "Local NotificationsTests" */ = {
			isa = XCConfigurationList;
			buildConfigurations = (
				FCA0FF4F1756922F0076D71B /* Debug */,
				FCA0FF501756922F0076D71B /* Release */,
			);
			defaultConfigurationIsVisible = 0;
		};
/* End XCConfigurationList section */
	};
	rootObject = FCA0FF111756922F0076D71B /* Project object */;
}
